{
  "requires": true,
  "lockfileVersion": 1,
  "dependencies": {
    "@types/boom": {
      "version": "7.2.0",
      "resolved": "http://registry.npm.taobao.org/@types/boom/download/@types/boom-7.2.0.tgz",
      "integrity": "sha1-GcNsu1gRp0k/Dy438x1Cso3xq8E=",
      "dev": true
    },
    "@types/catbox": {
      "version": "10.0.1",
      "resolved": "http://registry.npm.taobao.org/@types/catbox/download/@types/catbox-10.0.1.tgz",
      "integrity": "sha1-JmZ5AXdJBB/phz/uETHdKqoEoH4=",
      "dev": true
    },
    "@types/chai": {
      "version": "4.1.4",
      "resolved": "http://registry.npm.taobao.org/@types/chai/download/@types/chai-4.1.4.tgz",
      "integrity": "sha1-XKBzszDZC0Bm1s4Y9g1X8ghM6Mo=",
      "dev": true
    },
    "@types/cookiejar": {
      "version": "2.1.0",
      "resolved": "http://registry.npm.taobao.org/@types/cookiejar/download/@types/cookiejar-2.1.0.tgz",
      "integrity": "sha1-S32vLFFpbPxwuULBFpBSginRoc4=",
      "dev": true
    },
    "@types/hapi": {
      "version": "17.0.19",
      "resolved": "http://registry.npm.taobao.org/@types/hapi/download/@types/hapi-17.0.19.tgz",
      "integrity": "sha1-BW+wAnZabHDaAzpzmfY+Fix97+A=",
      "dev": true,
      "requires": {
        "@types/boom": "*",
        "@types/catbox": "*",
        "@types/iron": "*",
        "@types/joi": "*",
        "@types/mimos": "*",
        "@types/node": "*",
        "@types/podium": "*",
        "@types/shot": "*"
      }
    },
    "@types/iron": {
      "version": "5.0.1",
      "resolved": "http://registry.npm.taobao.org/@types/iron/download/@types/iron-5.0.1.tgz",
      "integrity": "sha1-VCC72oYjxI7lG5p4660F1zBbSyQ=",
      "dev": true,
      "requires": {
        "@types/node": "*"
      }
    },
    "@types/joi": {
      "version": "13.4.4",
      "resolved": "http://registry.npm.taobao.org/@types/joi/download/@types/joi-13.4.4.tgz",
      "integrity": "sha1-JYvacbMLbz+aEe6j4SL8zauN8FM=",
      "dev": true
    },
    "@types/mime-db": {
      "version": "1.27.0",
      "resolved": "http://registry.npm.taobao.org/@types/mime-db/download/@types/mime-db-1.27.0.tgz",
      "integrity": "sha1-m8AUof0f30dknBpUxt15ZrgoR5I=",
      "dev": true
    },
    "@types/mimos": {
      "version": "3.0.1",
      "resolved": "http://registry.npm.taobao.org/@types/mimos/download/@types/mimos-3.0.1.tgz",
      "integrity": "sha1-WdlqvhyeSH50Y/5B6NhtdrV6RBo=",
      "dev": true,
      "requires": {
        "@types/mime-db": "*"
      }
    },
    "@types/mocha": {
      "version": "5.2.5",
      "resolved": "http://registry.npm.taobao.org/@types/mocha/download/@types/mocha-5.2.5.tgz",
      "integrity": "sha1-ikrM/EA8EkoLr+ip/GGgXsEDIHM=",
      "dev": true
    },
    "@types/node": {
      "version": "10.9.4",
      "resolved": "http://registry.npm.taobao.org/@types/node/download/@types/node-10.9.4.tgz",
      "integrity": "sha1-D0yy3Hwd5glgVTV/cBeQQ8M+mJc=",
      "dev": true
    },
    "@types/podium": {
      "version": "1.0.0",
      "resolved": "http://registry.npm.taobao.org/@types/podium/download/@types/podium-1.0.0.tgz",
      "integrity": "sha1-v6ohUb4rHWEJzGn3+qnawsujuyA=",
      "dev": true
    },
    "@types/shot": {
      "version": "3.4.0",
      "resolved": "http://registry.npm.taobao.org/@types/shot/download/@types/shot-3.4.0.tgz",
      "integrity": "sha1-RZR3xRh9Pr0wNmCrCZ5+ng87ZW8=",
      "dev": true,
      "requires": {
        "@types/node": "*"
      }
    },
    "@types/superagent": {
      "version": "3.8.4",
      "resolved": "http://registry.npm.taobao.org/@types/superagent/download/@types/superagent-3.8.4.tgz",
      "integrity": "sha1-JKWXPH0anAJLS72nQqeSZ8M/uGo=",
      "dev": true,
      "requires": {
        "@types/cookiejar": "*",
        "@types/node": "*"
      }
    },
    "accept": {
      "version": "3.0.2",
      "resolved": "http://registry.npm.taobao.org/accept/download/accept-3.0.2.tgz",
      "integrity": "sha1-g+Qc7H4RSfP9R0iAQjhz22xsyaw=",
      "requires": {
        "boom": "7.x.x",
        "hoek": "5.x.x"
      }
    },
    "ammo": {
      "version": "3.0.1",
      "resolved": "http://registry.npm.taobao.org/ammo/download/ammo-3.0.1.tgz",
      "integrity": "sha1-x5zurDb7TlUIXqP+DC9Cv6X3yRQ=",
      "requires": {
        "hoek": "5.x.x"
      }
    },
    "arrify": {
      "version": "1.0.1",
      "resolved": "http://registry.npm.taobao.org/arrify/download/arrify-1.0.1.tgz",
      "integrity": "sha1-iYUI2iIm84DfkEcoRWhJwVAaSw0=",
      "dev": true
    },
    "assertion-error": {
      "version": "1.1.0",
      "resolved": "http://registry.npm.taobao.org/assertion-error/download/assertion-error-1.1.0.tgz",
      "integrity": "sha1-5gtrDo8wG9l+U3UhW9pAbIURjAs=",
      "dev": true
    },
    "asynckit": {
      "version": "0.4.0",
      "resolved": "http://registry.npm.taobao.org/asynckit/download/asynckit-0.4.0.tgz",
      "integrity": "sha1-x57Zf380y48robyXkLzDZkdLS3k=",
      "dev": true
    },
    "b64": {
      "version": "4.0.0",
      "resolved": "http://registry.npm.taobao.org/b64/download/b64-4.0.0.tgz",
      "integrity": "sha1-w39Yfwo4PHAZ6CESDow/WPDSJ3I="
    },
    "balanced-match": {
      "version": "1.0.0",
      "resolved": "http://registry.npm.taobao.org/balanced-match/download/balanced-match-1.0.0.tgz",
      "integrity": "sha1-ibTRmasr7kneFk6gK4nORi1xt2c=",
      "dev": true
    },
    "big-time": {
      "version": "2.0.1",
      "resolved": "http://registry.npm.taobao.org/big-time/download/big-time-2.0.1.tgz",
      "integrity": "sha1-aMffjcMPl+lT8lpnp2rJcTwWyd4="
    },
    "boom": {
      "version": "7.2.0",
      "resolved": "http://registry.npm.taobao.org/boom/download/boom-7.2.0.tgz",
      "integrity": "sha1-K/8kpVVldn/ehp7ICDF+sQxI6WY=",
      "requires": {
        "hoek": "5.x.x"
      }
    },
    "bounce": {
      "version": "1.2.0",
      "resolved": "http://registry.npm.taobao.org/bounce/download/bounce-1.2.0.tgz",
      "integrity": "sha1-47rGjHP9JW44CWVR78CfUEhzyMg=",
      "requires": {
        "boom": "7.x.x",
        "hoek": "5.x.x"
      }
    },
    "brace-expansion": {
      "version": "1.1.11",
      "resolved": "http://registry.npm.taobao.org/brace-expansion/download/brace-expansion-1.1.11.tgz",
      "integrity": "sha1-PH/L9SnYcibz0vUrlm/1Jx60Qd0=",
      "dev": true,
      "requires": {
        "balanced-match": "^1.0.0",
        "concat-map": "0.0.1"
      }
    },
    "browser-stdout": {
      "version": "1.3.1",
      "resolved": "http://registry.npm.taobao.org/browser-stdout/download/browser-stdout-1.3.1.tgz",
      "integrity": "sha1-uqVZ7hTO1zRSIputcyZGfGH6vWA=",
      "dev": true
    },
    "buffer-from": {
      "version": "1.1.1",
      "resolved": "http://registry.npm.taobao.org/buffer-from/download/buffer-from-1.1.1.tgz",
      "integrity": "sha1-MnE7wCj3XAL9txDXx7zsHyxgcO8=",
      "dev": true
    },
    "call": {
      "version": "5.0.1",
      "resolved": "http://registry.npm.taobao.org/call/download/call-5.0.1.tgz",
      "integrity": "sha1-rBtcEG2e3CoXrypKT3TdTwwG6RA=",
      "requires": {
        "boom": "7.x.x",
        "hoek": "5.x.x"
      }
    },
    "catbox": {
      "version": "10.0.2",
      "resolved": "http://registry.npm.taobao.org/catbox/download/catbox-10.0.2.tgz",
      "integrity": "sha1-5qwfNRAtGpvQeRW4LlCNErUKi/o=",
      "requires": {
        "boom": "7.x.x",
        "bounce": "1.x.x",
        "hoek": "5.x.x",
        "joi": "13.x.x"
      }
    },
    "catbox-memory": {
      "version": "3.1.2",
      "resolved": "http://registry.npm.taobao.org/catbox-memory/download/catbox-memory-3.1.2.tgz",
      "integrity": "sha1-Su7BvJlEGcD35gCH8XKq7dm0kRw=",
      "requires": {
        "big-time": "2.x.x",
        "boom": "7.x.x",
        "hoek": "5.x.x"
      }
    },
    "chai": {
      "version": "4.1.2",
      "resolved": "http://registry.npm.taobao.org/chai/download/chai-4.1.2.tgz",
      "integrity": "sha1-D2RYS6ZC8PKs4oBiefTwbKI61zw=",
      "dev": true,
      "requires": {
        "assertion-error": "^1.0.1",
        "check-error": "^1.0.1",
        "deep-eql": "^3.0.0",
        "get-func-name": "^2.0.0",
        "pathval": "^1.0.0",
        "type-detect": "^4.0.0"
      }
    },
    "chai-http": {
      "version": "4.2.0",
      "resolved": "http://registry.npm.taobao.org/chai-http/download/chai-http-4.2.0.tgz",
      "integrity": "sha1-JdwMDPlWCALwaQksqDSoHwTGc7w=",
      "dev": true,
      "requires": {
        "@types/chai": "4",
        "@types/superagent": "^3.8.3",
        "cookiejar": "^2.1.1",
        "is-ip": "^2.0.0",
        "methods": "^1.1.2",
        "qs": "^6.5.1",
        "superagent": "^3.7.0"
      }
    },
    "check-error": {
      "version": "1.0.2",
      "resolved": "http://registry.npm.taobao.org/check-error/download/check-error-1.0.2.tgz",
      "integrity": "sha1-V00xLt2Iu13YkS6Sht1sCu1KrII=",
      "dev": true
    },
    "combined-stream": {
      "version": "1.0.6",
      "resolved": "http://registry.npm.taobao.org/combined-stream/download/combined-stream-1.0.6.tgz",
      "integrity": "sha1-cj599ugBrFYTETp+RFqbactjKBg=",
      "dev": true,
      "requires": {
        "delayed-stream": "~1.0.0"
      }
    },
    "commander": {
      "version": "2.15.1",
      "resolved": "http://registry.npm.taobao.org/commander/download/commander-2.15.1.tgz",
      "integrity": "sha1-30boZ9D8Kuxmo0ZitAapzK//Ww8=",
      "dev": true
    },
    "component-emitter": {
      "version": "1.2.1",
      "resolved": "http://registry.npm.taobao.org/component-emitter/download/component-emitter-1.2.1.tgz",
      "integrity": "sha1-E3kY1teCg/ffemt8WmPhQOaUJeY=",
      "dev": true
    },
    "concat-map": {
      "version": "0.0.1",
      "resolved": "http://registry.npm.taobao.org/concat-map/download/concat-map-0.0.1.tgz",
      "integrity": "sha1-2Klr13/Wjfd5OnMDajug1UBdR3s=",
      "dev": true
    },
    "content": {
      "version": "4.0.5",
      "resolved": "http://registry.npm.taobao.org/content/download/content-4.0.5.tgz",
      "integrity": "sha1-vFR96ryImrabzhf681hcKfTEG/I=",
      "requires": {
        "boom": "7.x.x"
      }
    },
    "cookiejar": {
      "version": "2.1.2",
      "resolved": "http://registry.npm.taobao.org/cookiejar/download/cookiejar-2.1.2.tgz",
      "integrity": "sha1-3YojVTB1L5iPmghE8/xYnjERElw=",
      "dev": true
    },
    "core-util-is": {
      "version": "1.0.2",
      "resolved": "http://registry.npm.taobao.org/core-util-is/download/core-util-is-1.0.2.tgz",
      "integrity": "sha1-tf1UIgqivFq1eqtxQMlAdUUDwac=",
      "dev": true
    },
    "cryptiles": {
      "version": "4.1.2",
      "resolved": "http://registry.npm.taobao.org/cryptiles/download/cryptiles-4.1.2.tgz",
      "integrity": "sha1-NjyatchZ2p0tb7kBtk2YCWYYEYQ=",
      "requires": {
        "boom": "7.x.x"
      }
    },
    "debug": {
      "version": "3.1.0",
      "resolved": "http://registry.npm.taobao.org/debug/download/debug-3.1.0.tgz",
      "integrity": "sha1-W7WgZyYotkFJVmuhaBnmFRjGcmE=",
      "dev": true,
      "requires": {
        "ms": "2.0.0"
      }
    },
    "deep-eql": {
      "version": "3.0.1",
      "resolved": "http://registry.npm.taobao.org/deep-eql/download/deep-eql-3.0.1.tgz",
      "integrity": "sha1-38lARACtHI/gI+faHfHBR8S0RN8=",
      "dev": true,
      "requires": {
        "type-detect": "^4.0.0"
      }
    },
    "delayed-stream": {
      "version": "1.0.0",
      "resolved": "http://registry.npm.taobao.org/delayed-stream/download/delayed-stream-1.0.0.tgz",
      "integrity": "sha1-3zrhmayt+31ECqrgsp4icrJOxhk=",
      "dev": true
    },
    "diff": {
      "version": "3.5.0",
      "resolved": "http://registry.npm.taobao.org/diff/download/diff-3.5.0.tgz",
      "integrity": "sha1-gAwN0eCov7yVg1wgKtIg/jF+WhI=",
      "dev": true
    },
    "escape-string-regexp": {
      "version": "1.0.5",
      "resolved": "http://registry.npm.taobao.org/escape-string-regexp/download/escape-string-regexp-1.0.5.tgz",
      "integrity": "sha1-G2HAViGQqN/2rjuyzwIAyhMLhtQ=",
      "dev": true
    },
    "extend": {
      "version": "3.0.2",
      "resolved": "http://registry.npm.taobao.org/extend/download/extend-3.0.2.tgz",
      "integrity": "sha1-+LETa0Bx+9jrFAr/hYsQGewpFfo=",
      "dev": true
    },
    "form-data": {
      "version": "2.3.2",
      "resolved": "http://registry.npm.taobao.org/form-data/download/form-data-2.3.2.tgz",
      "integrity": "sha1-SXBJi+YEwgwAXU9cI67NIda0kJk=",
      "dev": true,
      "requires": {
        "asynckit": "^0.4.0",
        "combined-stream": "1.0.6",
        "mime-types": "^2.1.12"
      }
    },
    "formidable": {
      "version": "1.2.1",
      "resolved": "http://registry.npm.taobao.org/formidable/download/formidable-1.2.1.tgz",
      "integrity": "sha1-cPt8oCkO5v+WEJBBX0s989IIJlk=",
      "dev": true
    },
    "fs.realpath": {
      "version": "1.0.0",
      "resolved": "http://registry.npm.taobao.org/fs.realpath/download/fs.realpath-1.0.0.tgz",
      "integrity": "sha1-FQStJSMVjKpA20onh8sBQRmU6k8=",
      "dev": true
    },
    "get-func-name": {
      "version": "2.0.0",
      "resolved": "http://registry.npm.taobao.org/get-func-name/download/get-func-name-2.0.0.tgz",
      "integrity": "sha1-6td0q+5y4gQJQzoGY2YCPdaIekE=",
      "dev": true
    },
    "glob": {
      "version": "7.1.2",
      "resolved": "http://registry.npm.taobao.org/glob/download/glob-7.1.2.tgz",
      "integrity": "sha1-wZyd+aAocC1nhhI4SmVSQExjbRU=",
      "dev": true,
      "requires": {
        "fs.realpath": "^1.0.0",
        "inflight": "^1.0.4",
        "inherits": "2",
        "minimatch": "^3.0.4",
        "once": "^1.3.0",
        "path-is-absolute": "^1.0.0"
      }
    },
    "growl": {
      "version": "1.10.5",
      "resolved": "http://registry.npm.taobao.org/growl/download/growl-1.10.5.tgz",
      "integrity": "sha1-8nNdwig2dPpnR4sQGBBZNVw2nl4=",
      "dev": true
    },
    "hapi": {
      "version": "17.5.4",
      "resolved": "http://registry.npm.taobao.org/hapi/download/hapi-17.5.4.tgz",
      "integrity": "sha1-88EHD57jmNnGrY68Wr8YDxORTzw=",
      "requires": {
        "accept": "3.x.x",
        "ammo": "3.x.x",
        "boom": "7.x.x",
        "bounce": "1.x.x",
        "call": "5.x.x",
        "catbox": "10.x.x",
        "catbox-memory": "3.x.x",
        "heavy": "6.x.x",
        "hoek": "5.x.x",
        "joi": "13.x.x",
        "mimos": "4.x.x",
        "podium": "3.x.x",
        "shot": "4.x.x",
        "statehood": "6.x.x",
        "subtext": "6.x.x",
        "teamwork": "3.x.x",
        "topo": "3.x.x"
      }
    },
    "has-flag": {
      "version": "3.0.0",
      "resolved": "http://registry.npm.taobao.org/has-flag/download/has-flag-3.0.0.tgz",
      "integrity": "sha1-tdRU3CGZriJWmfNGfloH87lVuv0=",
      "dev": true
    },
    "he": {
      "version": "1.1.1",
      "resolved": "http://registry.npm.taobao.org/he/download/he-1.1.1.tgz",
      "integrity": "sha1-k0EP0hsAlzUVH4howvJx80J+I/0=",
      "dev": true
    },
    "heavy": {
      "version": "6.1.0",
      "resolved": "http://registry.npm.taobao.org/heavy/download/heavy-6.1.0.tgz",
      "integrity": "sha1-G7+kPcYd1LVD7eP/h9uDBreWcnQ=",
      "requires": {
        "boom": "7.x.x",
        "hoek": "5.x.x",
        "joi": "13.x.x"
      }
    },
    "hoek": {
      "version": "5.0.4",
      "resolved": "http://registry.npm.taobao.org/hoek/download/hoek-5.0.4.tgz",
      "integrity": "sha1-D3+icKHK/rNkpLLd+qM/hk5BV9o="
    },
    "inflight": {
      "version": "1.0.6",
      "resolved": "http://registry.npm.taobao.org/inflight/download/inflight-1.0.6.tgz",
      "integrity": "sha1-Sb1jMdfQLQwJvJEKEHW6gWW1bfk=",
      "dev": true,
      "requires": {
        "once": "^1.3.0",
        "wrappy": "1"
      }
    },
    "inherits": {
      "version": "2.0.3",
      "resolved": "http://registry.npm.taobao.org/inherits/download/inherits-2.0.3.tgz",
      "integrity": "sha1-Yzwsg+PaQqUC9SRmAiSA9CCCYd4=",
      "dev": true
    },
    "ip-regex": {
      "version": "2.1.0",
      "resolved": "http://registry.npm.taobao.org/ip-regex/download/ip-regex-2.1.0.tgz",
      "integrity": "sha1-+ni/XS5pE8kRzp+BnuUUa7bYROk=",
      "dev": true
    },
    "iron": {
      "version": "5.0.4",
      "resolved": "http://registry.npm.taobao.org/iron/download/iron-5.0.4.tgz",
      "integrity": "sha1-AD7YIvZW8HwrYnYoFfXeOUcyaGc=",
      "requires": {
        "boom": "7.x.x",
        "cryptiles": "4.x.x",
        "hoek": "5.x.x"
      }
    },
    "is-ip": {
      "version": "2.0.0",
      "resolved": "http://registry.npm.taobao.org/is-ip/download/is-ip-2.0.0.tgz",
      "integrity": "sha1-aO6gfooKCpTC0IDdZ0xzGrKkYas=",
      "dev": true,
      "requires": {
        "ip-regex": "^2.0.0"
      }
    },
    "isarray": {
      "version": "1.0.0",
      "resolved": "http://registry.npm.taobao.org/isarray/download/isarray-1.0.0.tgz",
      "integrity": "sha1-u5NdSFgsuhaMBoNJV6VKPgcSTxE=",
      "dev": true
    },
    "isemail": {
      "version": "3.1.3",
      "resolved": "http://registry.npm.taobao.org/isemail/download/isemail-3.1.3.tgz",
      "integrity": "sha1-ZPN/wRNXnqElIxZcPr46caVs5XE=",
      "requires": {
        "punycode": "2.x.x"
      }
    },
    "joi": {
      "version": "13.6.0",
      "resolved": "http://registry.npm.taobao.org/joi/download/joi-13.6.0.tgz",
      "integrity": "sha1-h32CDjrWiKScMkIf/vx0a/vi0KA=",
      "requires": {
        "hoek": "5.x.x",
        "isemail": "3.x.x",
        "topo": "3.x.x"
      }
    },
    "make-error": {
      "version": "1.3.5",
      "resolved": "http://registry.npm.taobao.org/make-error/download/make-error-1.3.5.tgz",
      "integrity": "sha1-7+ToH22yjK3WBccPKcgxtY73dsg=",
      "dev": true
    },
    "methods": {
      "version": "1.1.2",
      "resolved": "http://registry.npm.taobao.org/methods/download/methods-1.1.2.tgz",
      "integrity": "sha1-VSmk1nZUE07cxSZmVoNbD4Ua/O4=",
      "dev": true
    },
    "mime": {
      "version": "1.6.0",
      "resolved": "http://registry.npm.taobao.org/mime/download/mime-1.6.0.tgz",
      "integrity": "sha1-Ms2eXGRVO9WNGaVor0Uqz/BJgbE=",
      "dev": true
    },
    "mime-db": {
      "version": "1.36.0",
      "resolved": "http://registry.npm.taobao.org/mime-db/download/mime-db-1.36.0.tgz",
      "integrity": "sha1-UCBHjbPH/pOq17vMTc+GnEM2M5c="
    },
    "mime-types": {
      "version": "2.1.20",
      "resolved": "http://registry.npm.taobao.org/mime-types/download/mime-types-2.1.20.tgz",
      "integrity": "sha1-kwy3GdVx6QNzhSD4RwkRVIyizBk=",
      "dev": true,
      "requires": {
        "mime-db": "~1.36.0"
      }
    },
    "mimos": {
      "version": "4.0.0",
      "resolved": "http://registry.npm.taobao.org/mimos/download/mimos-4.0.0.tgz",
      "integrity": "sha1-duPScShDHLZIL9FbIEdXGa1ialo=",
      "requires": {
        "hoek": "5.x.x",
        "mime-db": "1.x.x"
      }
    },
    "minimatch": {
      "version": "3.0.4",
      "resolved": "http://registry.npm.taobao.org/minimatch/download/minimatch-3.0.4.tgz",
      "integrity": "sha1-UWbihkV/AzBgZL5Ul+jbsMPTIIM=",
      "dev": true,
      "requires": {
        "brace-expansion": "^1.1.7"
      }
    },
    "minimist": {
      "version": "1.2.0",
      "resolved": "http://registry.npm.taobao.org/minimist/download/minimist-1.2.0.tgz",
      "integrity": "sha1-o1AIsg9BOD7sH7kU9M1d95omQoQ=",
      "dev": true
    },
    "mkdirp": {
      "version": "0.5.1",
      "resolved": "http://registry.npm.taobao.org/mkdirp/download/mkdirp-0.5.1.tgz",
      "integrity": "sha1-MAV0OOrGz3+MR2fzhkjWaX11yQM=",
      "dev": true,
      "requires": {
        "minimist": "0.0.8"
      },
      "dependencies": {
        "minimist": {
          "version": "0.0.8",
          "resolved": "http://registry.npm.taobao.org/minimist/download/minimist-0.0.8.tgz",
          "integrity": "sha1-hX/Kv8M5fSYluCKCYuhqp6ARsF0=",
          "dev": true
        }
      }
    },
    "mocha": {
      "version": "5.2.0",
      "resolved": "http://registry.npm.taobao.org/mocha/download/mocha-5.2.0.tgz",
      "integrity": "sha1-bYrlCPWRZ/lA8rWzxKYSrlDJCuY=",
      "dev": true,
      "requires": {
        "browser-stdout": "1.3.1",
        "commander": "2.15.1",
        "debug": "3.1.0",
        "diff": "3.5.0",
        "escape-string-regexp": "1.0.5",
        "glob": "7.1.2",
        "growl": "1.10.5",
        "he": "1.1.1",
        "minimatch": "3.0.4",
        "mkdirp": "0.5.1",
        "supports-color": "5.4.0"
      }
    },
    "ms": {
      "version": "2.0.0",
      "resolved": "http://registry.npm.taobao.org/ms/download/ms-2.0.0.tgz",
      "integrity": "sha1-VgiurfwAvmwpAd9fmGF4jeDVl8g=",
      "dev": true
    },
    "nigel": {
      "version": "3.0.1",
      "resolved": "http://registry.npm.taobao.org/nigel/download/nigel-3.0.1.tgz",
      "integrity": "sha1-SKCIWdZRdzEvHCWvclLB4HuwfCo=",
      "requires": {
        "hoek": "5.x.x",
        "vise": "3.x.x"
      }
    },
    "once": {
      "version": "1.4.0",
      "resolved": "http://registry.npm.taobao.org/once/download/once-1.4.0.tgz",
      "integrity": "sha1-WDsap3WWHUsROsF9nFC6753Xa9E=",
      "dev": true,
      "requires": {
        "wrappy": "1"
      }
    },
    "path-is-absolute": {
      "version": "1.0.1",
      "resolved": "http://registry.npm.taobao.org/path-is-absolute/download/path-is-absolute-1.0.1.tgz",
      "integrity": "sha1-F0uSaHNVNP+8es5r9TpanhtcX18=",
      "dev": true
    },
    "pathval": {
      "version": "1.1.0",
      "resolved": "http://registry.npm.taobao.org/pathval/download/pathval-1.1.0.tgz",
      "integrity": "sha1-uULm1L3mUwBe9rcTYd74cn0GReA=",
      "dev": true
    },
    "pez": {
      "version": "4.0.2",
      "resolved": "http://registry.npm.taobao.org/pez/download/pez-4.0.2.tgz",
      "integrity": "sha1-CnyBtklo6QsOlWKzmPOQk56cS1M=",
      "requires": {
        "b64": "4.x.x",
        "boom": "7.x.x",
        "content": "4.x.x",
        "hoek": "5.x.x",
        "nigel": "3.x.x"
      }
    },
    "podium": {
      "version": "3.1.2",
      "resolved": "http://registry.npm.taobao.org/podium/download/podium-3.1.2.tgz",
      "integrity": "sha1-twFClznPa93mswFa5rSNQAgXzp4=",
      "requires": {
        "hoek": "5.x.x",
        "joi": "13.x.x"
      }
    },
    "process-nextick-args": {
      "version": "2.0.0",
      "resolved": "http://registry.npm.taobao.org/process-nextick-args/download/process-nextick-args-2.0.0.tgz",
      "integrity": "sha1-o31zL0JxtKsa0HDTVQjoKQeI/6o=",
      "dev": true
    },
    "punycode": {
      "version": "2.1.1",
      "resolved": "http://registry.npm.taobao.org/punycode/download/punycode-2.1.1.tgz",
      "integrity": "sha1-tYsBCsQMIsVldhbI0sLALHv0eew="
    },
    "qs": {
      "version": "6.5.2",
      "resolved": "http://registry.npm.taobao.org/qs/download/qs-6.5.2.tgz",
      "integrity": "sha1-yzroBuh0BERYTvFUzo7pjUA/PjY=",
      "dev": true
    },
    "readable-stream": {
      "version": "2.3.6",
      "resolved": "http://registry.npm.taobao.org/readable-stream/download/readable-stream-2.3.6.tgz",
      "integrity": "sha1-sRwn2IuP8fvgcGQ8+UsMea4bCq8=",
      "dev": true,
      "requires": {
        "core-util-is": "~1.0.0",
        "inherits": "~2.0.3",
        "isarray": "~1.0.0",
        "process-nextick-args": "~2.0.0",
        "safe-buffer": "~5.1.1",
        "string_decoder": "~1.1.1",
        "util-deprecate": "~1.0.1"
      }
    },
    "safe-buffer": {
      "version": "5.1.2",
      "resolved": "http://registry.npm.taobao.org/safe-buffer/download/safe-buffer-5.1.2.tgz",
      "integrity": "sha1-mR7GnSluAxN0fVm9/St0XDX4go0=",
      "dev": true
    },
    "shot": {
      "version": "4.0.5",
      "resolved": "http://registry.npm.taobao.org/shot/download/shot-4.0.5.tgz",
      "integrity": "sha1-x+dFXRHWD2ts08Q+FaO0McF+VWY=",
      "requires": {
        "hoek": "5.x.x",
        "joi": "13.x.x"
      }
    },
    "source-map": {
      "version": "0.6.1",
      "resolved": "http://registry.npm.taobao.org/source-map/download/source-map-0.6.1.tgz",
      "integrity": "sha1-dHIq8y6WFOnCh6jQu95IteLxomM=",
      "dev": true
    },
    "source-map-support": {
      "version": "0.5.9",
      "resolved": "http://registry.npm.taobao.org/source-map-support/download/source-map-support-0.5.9.tgz",
      "integrity": "sha1-QbyVOyU0Jn6i1gW8z6e/oxEc7V8=",
      "dev": true,
      "requires": {
        "buffer-from": "^1.0.0",
        "source-map": "^0.6.0"
      }
    },
    "statehood": {
      "version": "6.0.6",
      "resolved": "http://registry.npm.taobao.org/statehood/download/statehood-6.0.6.tgz",
      "integrity": "sha1-Db18UHdNP2GiTkKwZzCTu8gfpfA=",
      "requires": {
        "boom": "7.x.x",
        "bounce": "1.x.x",
        "cryptiles": "4.x.x",
        "hoek": "5.x.x",
        "iron": "5.x.x",
        "joi": "13.x.x"
      }
    },
    "string_decoder": {
      "version": "1.1.1",
      "resolved": "http://registry.npm.taobao.org/string_decoder/download/string_decoder-1.1.1.tgz",
      "integrity": "sha1-nPFhG6YmhdcDCunkujQUnDrwP8g=",
      "dev": true,
      "requires": {
        "safe-buffer": "~5.1.0"
      }
    },
    "subtext": {
      "version": "6.0.7",
      "resolved": "http://registry.npm.taobao.org/subtext/download/subtext-6.0.7.tgz",
      "integrity": "sha1-jkCmeQGnNNWYFCZlyQ45g2m4hfk=",
      "requires": {
        "boom": "7.x.x",
        "content": "4.x.x",
        "hoek": "5.x.x",
        "pez": "4.x.x",
        "wreck": "14.x.x"
      }
    },
    "superagent": {
      "version": "3.8.3",
      "resolved": "http://registry.npm.taobao.org/superagent/download/superagent-3.8.3.tgz",
      "integrity": "sha1-Rg6g29t9WxG8T3jeulZfhqF44Sg=",
      "dev": true,
      "requires": {
        "component-emitter": "^1.2.0",
        "cookiejar": "^2.1.0",
        "debug": "^3.1.0",
        "extend": "^3.0.0",
        "form-data": "^2.3.1",
        "formidable": "^1.2.0",
        "methods": "^1.1.1",
        "mime": "^1.4.1",
        "qs": "^6.5.1",
        "readable-stream": "^2.3.5"
      }
    },
    "supports-color": {
      "version": "5.4.0",
      "resolved": "http://registry.npm.taobao.org/supports-color/download/supports-color-5.4.0.tgz",
      "integrity": "sha1-HGszdALCE3YF7+GfEP7DkPb6q1Q=",
      "dev": true,
      "requires": {
        "has-flag": "^3.0.0"
      }
    },
    "teamwork": {
      "version": "3.0.1",
      "resolved": "http://registry.npm.taobao.org/teamwork/download/teamwork-3.0.1.tgz",
      "integrity": "sha1-/zjHFh9B+AcLeBNxbrYVQDbs4ZY="
    },
    "topo": {
      "version": "3.0.0",
      "resolved": "http://registry.npm.taobao.org/topo/download/topo-3.0.0.tgz",
      "integrity": "sha1-N+SMMw7+rHhFOOCs0+YspeIx/no=",
      "requires": {
        "hoek": "5.x.x"
      }
    },
    "ts-node": {
      "version": "7.0.1",
      "resolved": "http://registry.npm.taobao.org/ts-node/download/ts-node-7.0.1.tgz",
      "integrity": "sha1-lWLcLR5tJI0kvFX3c+P2FDN9m68=",
      "dev": true,
      "requires": {
        "arrify": "^1.0.0",
        "buffer-from": "^1.1.0",
        "diff": "^3.1.0",
        "make-error": "^1.1.1",
        "minimist": "^1.2.0",
        "mkdirp": "^0.5.1",
        "source-map-support": "^0.5.6",
        "yn": "^2.0.0"
      }
    },
    "type-detect": {
      "version": "4.0.8",
      "resolved": "http://registry.npm.taobao.org/type-detect/download/type-detect-4.0.8.tgz",
      "integrity": "sha1-dkb7XxiHHPu3dJ5pvTmmOI63RQw=",
      "dev": true
    },
    "typescript": {
      "version": "3.0.3",
      "resolved": "http://registry.npm.taobao.org/typescript/download/typescript-3.0.3.tgz",
      "integrity": "sha1-SFOz4nXs2qJ/eP2kbcJzp+t/wcg=",
      "dev": true
    },
    "util-deprecate": {
      "version": "1.0.2",
      "resolved": "http://registry.npm.taobao.org/util-deprecate/download/util-deprecate-1.0.2.tgz",
      "integrity": "sha1-RQ1Nyfpw3nMnYvvS1KKJgUGaDM8=",
      "dev": true
    },
    "vise": {
      "version": "3.0.0",
      "resolved": "http://registry.npm.taobao.org/vise/download/vise-3.0.0.tgz",
      "integrity": "sha1-dq0UqzFmnFD7sIF7wOcv7cuzv0w=",
      "requires": {
        "hoek": "5.x.x"
      }
    },
    "wrappy": {
      "version": "1.0.2",
      "resolved": "http://registry.npm.taobao.org/wrappy/download/wrappy-1.0.2.tgz",
      "integrity": "sha1-tSQ9jz7BqjXxNkYFvA0QNuMKtp8=",
      "dev": true
    },
    "wreck": {
      "version": "14.1.0",
      "resolved": "http://registry.npm.taobao.org/wreck/download/wreck-14.1.0.tgz",
      "integrity": "sha1-sT5Sa2qDGOXrxpacCyEHXAYzcGc=",
      "requires": {
        "boom": "7.x.x",
        "hoek": "5.x.x"
      }
    },
    "yn": {
      "version": "2.0.0",
      "resolved": "http://registry.npm.taobao.org/yn/download/yn-2.0.0.tgz",
      "integrity": "sha1-5a2ryKz0CPY4X8dklWhMiOavaJo=",
      "dev": true
    }
  }
}
